<?xml version="1.0" encoding="utf-8"?>
<Project ToolsVersion="17.0" xmlns="http://schemas.microsoft.com/developer/msbuild/2003">
  <ItemGroup>
    <ClCompile Include="E:\Jaks_Lab_Local\pop_movies\windows\flutter\ephemeral\cpp_client_wrapper\core_implementations.cc">
      <Filter>Source Files</Filter>
    </ClCompile>
    <ClCompile Include="E:\Jaks_Lab_Local\pop_movies\windows\flutter\ephemeral\cpp_client_wrapper\standard_codec.cc">
      <Filter>Source Files</Filter>
    </ClCompile>
    <ClCompile Include="E:\Jaks_Lab_Local\pop_movies\windows\flutter\ephemeral\cpp_client_wrapper\plugin_registrar.cc">
      <Filter>Source Files</Filter>
    </ClCompile>
  </ItemGroup>
  <ItemGroup>
    <CustomBuild Include="E:\Jaks_Lab_Local\pop_movies\windows\flutter\CMakeLists.txt" />
  </ItemGroup>
  <ItemGroup>
    <Filter Include="CMake Rules">
      <UniqueIdentifier>{4947F88A-6C52-3292-8E4A-B9AAD63A00A0}</UniqueIdentifier>
    </Filter>
    <Filter Include="Source Files">
      <UniqueIdentifier>{F5DE16AF-DFAE-38C2-B8E0-D05BDA9707BD}</UniqueIdentifier>
    </Filter>
  </ItemGroup>
</Project>
